{
  "name": "grp_6_bicycle",
  "lockfileVersion": 2,
  "requires": true,
  "packages": {
    "": {
      "dependencies": {
        "leaflet-tilelayer-swiss": "^2.3.0"
      }
    },
    "node_modules/leaflet": {
      "version": "1.9.3",
      "resolved": "https://registry.npmjs.org/leaflet/-/leaflet-1.9.3.tgz",
      "integrity": "sha512-iB2cR9vAkDOu5l3HAay2obcUHZ7xwUBBjph8+PGtmW/2lYhbLizWtG7nTeYht36WfOslixQF9D/uSIzhZgGMfQ==",
      "peer": true
    },
    "node_modules/leaflet-tilelayer-swiss": {
      "version": "2.3.0",
      "resolved": "https://registry.npmjs.org/leaflet-tilelayer-swiss/-/leaflet-tilelayer-swiss-2.3.0.tgz",
      "integrity": "sha512-Wt8sOgYyTqrcVikVOuO4SXRantdFJ4iKRG0nM/RL/w53NcLLlpQfIa4JU8TFtynPMnjnJIAnogM2ix/qNebRWQ==",
      "peerDependencies": {
        "leaflet": "^1.8.0"
      }
    }
  },
  "dependencies": {
    "leaflet": {
      "version": "1.9.3",
      "resolved": "https://registry.npmjs.org/leaflet/-/leaflet-1.9.3.tgz",
      "integrity": "sha512-iB2cR9vAkDOu5l3HAay2obcUHZ7xwUBBjph8+PGtmW/2lYhbLizWtG7nTeYht36WfOslixQF9D/uSIzhZgGMfQ==",
      "peer": true
    },
    "leaflet-tilelayer-swiss": {
      "version": "2.3.0",
      "resolved": "https://registry.npmjs.org/leaflet-tilelayer-swiss/-/leaflet-tilelayer-swiss-2.3.0.tgz",
      "integrity": "sha512-Wt8sOgYyTqrcVikVOuO4SXRantdFJ4iKRG0nM/RL/w53NcLLlpQfIa4JU8TFtynPMnjnJIAnogM2ix/qNebRWQ==",
      "requires": {}
    }
  }
}
